
Microsoft Visual Studio Solution File, Format Version 12.00
# Visual Studio 15
VisualStudioVersion = 15.0.28307.489
MinimumVisualStudioVersion = 10.0.40219.1
Project("{FAE04EC0-301F-11D3-BF4B-00C04F79EFBC}") = "lab4_linq", "lab4_linq\lab4_linq.csproj", "{154A0B22-F4DB-4813-B46C-2987A3CF9EED}"
EndProject
Project("{FAE04EC0-301F-11D3-BF4B-00C04F79EFBC}") = "LinqToXml", "LinqToXml\LinqToXml.csproj", "{24946929-D578-4983-A5CC-1749DB4FA7CD}"
EndProject
Global
	GlobalSection(SolutionConfigurationPlatforms) = preSolution
		Debug|Any CPU = Debug|Any CPU
		Release|Any CPU = Release|Any CPU
	EndGlobalSection
	GlobalSection(ProjectConfigurationPlatforms) = postSolution
		{154A0B22-F4DB-4813-B46C-2987A3CF9EED}.Debug|Any CPU.ActiveCfg = Debug|Any CPU
		{154A0B22-F4DB-4813-B46C-2987A3CF9EED}.Debug|Any CPU.Build.0 = Debug|Any CPU
		{154A0B22-F4DB-4813-B46C-2987A3CF9EED}.Release|Any CPU.ActiveCfg = Release|Any CPU
		{154A0B22-F4DB-4813-B46C-2987A3CF9EED}.Release|Any CPU.Build.0 = Release|Any CPU
		{24946929-D578-4983-A5CC-1749DB4FA7CD}.Debug|Any CPU.ActiveCfg = Debug|Any CPU
		{24946929-D578-4983-A5CC-1749DB4FA7CD}.Debug|Any CPU.Build.0 = Debug|Any CPU
		{24946929-D578-4983-A5CC-1749DB4FA7CD}.Release|Any CPU.ActiveCfg = Release|Any CPU
		{24946929-D578-4983-A5CC-1749DB4FA7CD}.Release|Any CPU.Build.0 = Release|Any CPU
	EndGlobalSection
	GlobalSection(SolutionProperties) = preSolution
		HideSolutionNode = FALSE
	EndGlobalSection
	GlobalSection(ExtensibilityGlobals) = postSolution
		SolutionGuid = {2C5FE9C7-8282-4F3F-9F92-00A3CA814AA8}
	EndGlobalSection
EndGlobal
